<?xml version="1.0" encoding="utf-8"?>
<Project ToolsVersion="4.0" xmlns="http://schemas.microsoft.com/developer/msbuild/2003">
  <ItemGroup>
    <Filter Include="Source Files">
      <UniqueIdentifier>{9112e61e-0f44-40a8-858d-85173408d4c9}</UniqueIdentifier>
      <Extensions>cpp;c;cxx;rc;def;r;odl;hpj;bat;for;f90</Extensions>
    </Filter>
    <Filter Include="Header Files">
      <UniqueIdentifier>{db91417b-7972-48c5-b824-a4f453832395}</UniqueIdentifier>
      <Extensions>h;hpp;hxx;inl;fi;fd</Extensions>
    </Filter>
    <Filter Include="Resource Files">
      <UniqueIdentifier>{4464c3c4-4b97-4cb0-9c80-f51276ed8ca4}</UniqueIdentifier>
      <Extensions>ico;cur;bmp;dlg;rc2;rct;cnt;rtf;gif;jpg;jpeg;jpe</Extensions>
    </Filter>
  </ItemGroup>
  <ItemGroup>
    <ClCompile Include="GenPage.cpp">
      <Filter>Source Files</Filter>
    </ClCompile>
    <ClCompile Include="Http.cpp">
      <Filter>Source Files</Filter>
    </ClCompile>
    <ClCompile Include="HttpDoc.cpp">
      <Filter>Source Files</Filter>
    </ClCompile>
    <ClCompile Include="HttpSvr.cpp">
      <Filter>Source Files</Filter>
    </ClCompile>
    <ClCompile Include="HttpView.cpp">
      <Filter>Source Files</Filter>
    </ClCompile>
    <ClCompile Include="Listen.cpp">
      <Filter>Source Files</Filter>
    </ClCompile>
    <ClCompile Include="MainFrm.cpp">
      <Filter>Source Files</Filter>
    </ClCompile>
    <ClCompile Include="NamePage.cpp">
      <Filter>Source Files</Filter>
    </ClCompile>
    <ClCompile Include="NoRoot.cpp">
      <Filter>Source Files</Filter>
    </ClCompile>
    <ClCompile Include="ReqSock.cpp">
      <Filter>Source Files</Filter>
    </ClCompile>
    <ClCompile Include="Request.cpp">
      <Filter>Source Files</Filter>
    </ClCompile>
    <ClCompile Include="RootDlg.cpp">
      <Filter>Source Files</Filter>
    </ClCompile>
    <ClCompile Include="RootPage.cpp">
      <Filter>Source Files</Filter>
    </ClCompile>
    <ClCompile Include="StdAfx.cpp">
      <Filter>Source Files</Filter>
    </ClCompile>
  </ItemGroup>
  <ItemGroup>
    <ResourceCompile Include="HttpSvr.rc">
      <Filter>Source Files</Filter>
    </ResourceCompile>
  </ItemGroup>
  <ItemGroup>
    <ClInclude Include="genpage.h">
      <Filter>Header Files</Filter>
    </ClInclude>
    <ClInclude Include="http.h">
      <Filter>Header Files</Filter>
    </ClInclude>
    <ClInclude Include="httpdoc.h">
      <Filter>Header Files</Filter>
    </ClInclude>
    <ClInclude Include="httpsvr.h">
      <Filter>Header Files</Filter>
    </ClInclude>
    <ClInclude Include="httpview.h">
      <Filter>Header Files</Filter>
    </ClInclude>
    <ClInclude Include="listen.h">
      <Filter>Header Files</Filter>
    </ClInclude>
    <ClInclude Include="mainfrm.h">
      <Filter>Header Files</Filter>
    </ClInclude>
    <ClInclude Include="namepage.h">
      <Filter>Header Files</Filter>
    </ClInclude>
    <ClInclude Include="NoRoot.h">
      <Filter>Header Files</Filter>
    </ClInclude>
    <ClInclude Include="reqsock.h">
      <Filter>Header Files</Filter>
    </ClInclude>
    <ClInclude Include="request.h">
      <Filter>Header Files</Filter>
    </ClInclude>
    <ClInclude Include="rootdlg.h">
      <Filter>Header Files</Filter>
    </ClInclude>
    <ClInclude Include="RootPage.h">
      <Filter>Header Files</Filter>
    </ClInclude>
    <ClInclude Include="stdafx.h">
      <Filter>Header Files</Filter>
    </ClInclude>
  </ItemGroup>
  <ItemGroup>
    <CustomBuild Include="HttpMac.r">
      <Filter>Source Files</Filter>
    </CustomBuild>
    <CustomBuild Include="ReadMe.txt">
      <Filter>Source Files</Filter>
    </CustomBuild>
    <CustomBuild Include="res\httpdoc.ico">
      <Filter>Resource Files</Filter>
    </CustomBuild>
    <CustomBuild Include="res\httpsvr.rc2">
      <Filter>Resource Files</Filter>
    </CustomBuild>
    <CustomBuild Include="res\images.bmp">
      <Filter>Resource Files</Filter>
    </CustomBuild>
    <CustomBuild Include="res\logfile.ico">
      <Filter>Resource Files</Filter>
    </CustomBuild>
    <CustomBuild Include="res\mainfrm.ico">
      <Filter>Resource Files</Filter>
    </CustomBuild>
    <CustomBuild Include="res\smimages.bmp">
      <Filter>Resource Files</Filter>
    </CustomBuild>
  </ItemGroup>
</Project>