
Microsoft Visual Studio Solution File, Format Version 11.00
# Visual Studio 2010
Project("{8BC9CEB8-8B4A-11D0-8D11-00A0C91BC942}") = "ClientFiGo2", "..\ClientFiGo2\ClientFiGo2.vcxproj", "{D2B0F4BC-3F4C-4B11-D0D6-0FA7C2023E22}"
EndProject
Project("{8BC9CEB8-8B4A-11D0-8D11-00A0C91BC942}") = "ServFigo", "ServFigo.vcxproj", "{EDC5A7BB-AFF1-0D59-3CD3-BEC721959591}"
EndProject
Global
	GlobalSection(SolutionConfigurationPlatforms) = preSolution
		Debug|Win32 = Debug|Win32
		Release|Win32 = Release|Win32
		Template|Win32 = Template|Win32
	EndGlobalSection
	GlobalSection(ProjectConfigurationPlatforms) = postSolution
		{D2B0F4BC-3F4C-4B11-D0D6-0FA7C2023E22}.Debug|Win32.ActiveCfg = Debug|Win32
		{D2B0F4BC-3F4C-4B11-D0D6-0FA7C2023E22}.Debug|Win32.Build.0 = Debug|Win32
		{D2B0F4BC-3F4C-4B11-D0D6-0FA7C2023E22}.Release|Win32.ActiveCfg = Release|Win32
		{D2B0F4BC-3F4C-4B11-D0D6-0FA7C2023E22}.Release|Win32.Build.0 = Release|Win32
		{D2B0F4BC-3F4C-4B11-D0D6-0FA7C2023E22}.Template|Win32.ActiveCfg = Release|Win32
		{D2B0F4BC-3F4C-4B11-D0D6-0FA7C2023E22}.Template|Win32.Build.0 = Release|Win32
		{EDC5A7BB-AFF1-0D59-3CD3-BEC721959591}.Debug|Win32.ActiveCfg = Debug|Win32
		{EDC5A7BB-AFF1-0D59-3CD3-BEC721959591}.Debug|Win32.Build.0 = Debug|Win32
		{EDC5A7BB-AFF1-0D59-3CD3-BEC721959591}.Release|Win32.ActiveCfg = Release|Win32
		{EDC5A7BB-AFF1-0D59-3CD3-BEC721959591}.Release|Win32.Build.0 = Release|Win32
		{EDC5A7BB-AFF1-0D59-3CD3-BEC721959591}.Template|Win32.ActiveCfg = Template|Win32
		{EDC5A7BB-AFF1-0D59-3CD3-BEC721959591}.Template|Win32.Build.0 = Template|Win32
	EndGlobalSection
	GlobalSection(SolutionProperties) = preSolution
		HideSolutionNode = FALSE
	EndGlobalSection
EndGlobal
